
Microsoft Visual Studio Solution File, Format Version 12.00
# Visual Studio Version 17
VisualStudioVersion = 17.9.34728.123
MinimumVisualStudioVersion = 10.0.40219.1
Project("{2150E333-8FDC-42A3-9474-1A3956D46DE8}") = "Libraries", "Libraries", "{9F404FB3-03FF-42EA-864C-7D67973836F8}"
EndProject
Project("{2150E333-8FDC-42A3-9474-1A3956D46DE8}") = "Presentation", "Presentation", "{2F1630A1-FC12-4745-8189-F843925B9B66}"
EndProject
Project("{2150E333-8FDC-42A3-9474-1A3956D46DE8}") = "Database", "Database", "{FEA3EB8C-CFF1-4282-BF99-AFE2F9B9358F}"
EndProject
Project("{00D1A9C2-B5F0-4AF3-8072-F6C62B433612}") = "G20.Database", "G20.Database\G20.Database.sqlproj", "{A6CC1738-0E02-4A86-9E68-A245D2E61906}"
EndProject
Project("{9A19103F-16F7-4668-BE54-9A1E7A4F7556}") = "G20.Core", "G20.Core\G20.Core.csproj", "{8C7F274C-89E2-4847-9411-141F0024913F}"
EndProject
Project("{9A19103F-16F7-4668-BE54-9A1E7A4F7556}") = "G20.Data", "G20.Data\G20.Data.csproj", "{B587531E-F700-46B5-AA6A-4734840921EA}"
EndProject
Project("{9A19103F-16F7-4668-BE54-9A1E7A4F7556}") = "G20.Service", "G20.Service\G20.Service.csproj", "{FB3EE2CA-091B-4B88-A175-D578A219DD74}"
EndProject
Project("{9A19103F-16F7-4668-BE54-9A1E7A4F7556}") = "G20.API", "G20.API\G20.API.csproj", "{6F30B508-9D88-4F96-83E4-9BFD5593DE0C}"
EndProject
Project("{9A19103F-16F7-4668-BE54-9A1E7A4F7556}") = "G20.Framework", "G20.Framework\G20.Framework.csproj", "{0D8D938F-87F2-47D3-BAE5-A51C41898037}"
EndProject
Global
	GlobalSection(SolutionConfigurationPlatforms) = preSolution
		Debug|Any CPU = Debug|Any CPU
		Release|Any CPU = Release|Any CPU
	EndGlobalSection
	GlobalSection(ProjectConfigurationPlatforms) = postSolution
		{A6CC1738-0E02-4A86-9E68-A245D2E61906}.Debug|Any CPU.ActiveCfg = Debug|Any CPU
		{A6CC1738-0E02-4A86-9E68-A245D2E61906}.Debug|Any CPU.Build.0 = Debug|Any CPU
		{A6CC1738-0E02-4A86-9E68-A245D2E61906}.Debug|Any CPU.Deploy.0 = Debug|Any CPU
		{A6CC1738-0E02-4A86-9E68-A245D2E61906}.Release|Any CPU.ActiveCfg = Release|Any CPU
		{A6CC1738-0E02-4A86-9E68-A245D2E61906}.Release|Any CPU.Build.0 = Release|Any CPU
		{A6CC1738-0E02-4A86-9E68-A245D2E61906}.Release|Any CPU.Deploy.0 = Release|Any CPU
		{8C7F274C-89E2-4847-9411-141F0024913F}.Debug|Any CPU.ActiveCfg = Debug|Any CPU
		{8C7F274C-89E2-4847-9411-141F0024913F}.Debug|Any CPU.Build.0 = Debug|Any CPU
		{8C7F274C-89E2-4847-9411-141F0024913F}.Release|Any CPU.ActiveCfg = Release|Any CPU
		{8C7F274C-89E2-4847-9411-141F0024913F}.Release|Any CPU.Build.0 = Release|Any CPU
		{B587531E-F700-46B5-AA6A-4734840921EA}.Debug|Any CPU.ActiveCfg = Debug|Any CPU
		{B587531E-F700-46B5-AA6A-4734840921EA}.Debug|Any CPU.Build.0 = Debug|Any CPU
		{B587531E-F700-46B5-AA6A-4734840921EA}.Release|Any CPU.ActiveCfg = Release|Any CPU
		{B587531E-F700-46B5-AA6A-4734840921EA}.Release|Any CPU.Build.0 = Release|Any CPU
		{FB3EE2CA-091B-4B88-A175-D578A219DD74}.Debug|Any CPU.ActiveCfg = Debug|Any CPU
		{FB3EE2CA-091B-4B88-A175-D578A219DD74}.Debug|Any CPU.Build.0 = Debug|Any CPU
		{FB3EE2CA-091B-4B88-A175-D578A219DD74}.Release|Any CPU.ActiveCfg = Release|Any CPU
		{FB3EE2CA-091B-4B88-A175-D578A219DD74}.Release|Any CPU.Build.0 = Release|Any CPU
		{6F30B508-9D88-4F96-83E4-9BFD5593DE0C}.Debug|Any CPU.ActiveCfg = Debug|Any CPU
		{6F30B508-9D88-4F96-83E4-9BFD5593DE0C}.Debug|Any CPU.Build.0 = Debug|Any CPU
		{6F30B508-9D88-4F96-83E4-9BFD5593DE0C}.Release|Any CPU.ActiveCfg = Release|Any CPU
		{6F30B508-9D88-4F96-83E4-9BFD5593DE0C}.Release|Any CPU.Build.0 = Release|Any CPU
		{0D8D938F-87F2-47D3-BAE5-A51C41898037}.Debug|Any CPU.ActiveCfg = Debug|Any CPU
		{0D8D938F-87F2-47D3-BAE5-A51C41898037}.Debug|Any CPU.Build.0 = Debug|Any CPU
		{0D8D938F-87F2-47D3-BAE5-A51C41898037}.Release|Any CPU.ActiveCfg = Release|Any CPU
		{0D8D938F-87F2-47D3-BAE5-A51C41898037}.Release|Any CPU.Build.0 = Release|Any CPU
	EndGlobalSection
	GlobalSection(SolutionProperties) = preSolution
		HideSolutionNode = FALSE
	EndGlobalSection
	GlobalSection(NestedProjects) = preSolution
		{A6CC1738-0E02-4A86-9E68-A245D2E61906} = {FEA3EB8C-CFF1-4282-BF99-AFE2F9B9358F}
		{8C7F274C-89E2-4847-9411-141F0024913F} = {9F404FB3-03FF-42EA-864C-7D67973836F8}
		{B587531E-F700-46B5-AA6A-4734840921EA} = {9F404FB3-03FF-42EA-864C-7D67973836F8}
		{FB3EE2CA-091B-4B88-A175-D578A219DD74} = {9F404FB3-03FF-42EA-864C-7D67973836F8}
		{6F30B508-9D88-4F96-83E4-9BFD5593DE0C} = {2F1630A1-FC12-4745-8189-F843925B9B66}
		{0D8D938F-87F2-47D3-BAE5-A51C41898037} = {2F1630A1-FC12-4745-8189-F843925B9B66}
	EndGlobalSection
	GlobalSection(ExtensibilityGlobals) = postSolution
		SolutionGuid = {641ED622-2E9F-4E14-A8D7-A04B2C87C20A}
	EndGlobalSection
EndGlobal
